
Microsoft Visual Studio Solution File, Format Version 12.00
# Visual Studio Version 16
VisualStudioVersion = 16.0.31729.503
MinimumVisualStudioVersion = 10.0.40219.1
Project("{FAE04EC0-301F-11D3-BF4B-00C04F79EFBC}") = "Esercitazione", "Esercitazione\Esercitazione.csproj", "{A6E70B5A-B92C-4A60-8F5E-AC59D4CD4A05}"
EndProject
Global
	GlobalSection(SolutionConfigurationPlatforms) = preSolution
		Debug|Any CPU = Debug|Any CPU
		Release|Any CPU = Release|Any CPU
	EndGlobalSection
	GlobalSection(ProjectConfigurationPlatforms) = postSolution
		{A6E70B5A-B92C-4A60-8F5E-AC59D4CD4A05}.Debug|Any CPU.ActiveCfg = Debug|Any CPU
		{A6E70B5A-B92C-4A60-8F5E-AC59D4CD4A05}.Debug|Any CPU.Build.0 = Debug|Any CPU
		{A6E70B5A-B92C-4A60-8F5E-AC59D4CD4A05}.Release|Any CPU.ActiveCfg = Release|Any CPU
		{A6E70B5A-B92C-4A60-8F5E-AC59D4CD4A05}.Release|Any CPU.Build.0 = Release|Any CPU
	EndGlobalSection
	GlobalSection(SolutionProperties) = preSolution
		HideSolutionNode = FALSE
	EndGlobalSection
	GlobalSection(ExtensibilityGlobals) = postSolution
		SolutionGuid = {07C00EE3-98DC-461F-BB54-D1F7163D48B0}
	EndGlobalSection
EndGlobal
